// !$*UTF8*$!
{
	archiveVersion = 1;
	classes = {
	};
	objectVersion = 50;
	objects = {

/* Begin PBXBuildFile section */
		401B117826D66B3300C9B5E1 /* AppDelegate.swift in Sources */ = {isa = PBXBuildFile; fileRef = 401B117726D66B3300C9B5E1 /* AppDelegate.swift */; };
		401B117C26D66B3300C9B5E1 /* NewGameVC.swift in Sources */ = {isa = PBXBuildFile; fileRef = 401B117B26D66B3300C9B5E1 /* NewGameVC.swift */; };
		401B118126D66B3600C9B5E1 /* Assets.xcassets in Resources */ = {isa = PBXBuildFile; fileRef = 401B118026D66B3600C9B5E1 /* Assets.xcassets */; };
		401B118426D66B3600C9B5E1 /* LaunchScreen.storyboard in Resources */ = {isa = PBXBuildFile; fileRef = 401B118226D66B3600C9B5E1 /* LaunchScreen.storyboard */; };
		401B119E26D67C1E00C9B5E1 /* Nunito-ExtraBoldItalic.ttf in Resources */ = {isa = PBXBuildFile; fileRef = 401B118F26D67C1E00C9B5E1 /* Nunito-ExtraBoldItalic.ttf */; };
		401B119F26D67C1E00C9B5E1 /* Nunito-ExtraBold.ttf in Resources */ = {isa = PBXBuildFile; fileRef = 401B119026D67C1E00C9B5E1 /* Nunito-ExtraBold.ttf */; };
		401B11A026D67C1E00C9B5E1 /* Nunito-ExtraLightItalic.ttf in Resources */ = {isa = PBXBuildFile; fileRef = 401B119126D67C1E00C9B5E1 /* Nunito-ExtraLightItalic.ttf */; };
		401B11A126D67C1E00C9B5E1 /* Nunito-Light.ttf in Resources */ = {isa = PBXBuildFile; fileRef = 401B119226D67C1E00C9B5E1 /* Nunito-Light.ttf */; };
		401B11A226D67C1E00C9B5E1 /* Nunito-Regular.ttf in Resources */ = {isa = PBXBuildFile; fileRef = 401B119326D67C1E00C9B5E1 /* Nunito-Regular.ttf */; };
		401B11A326D67C1E00C9B5E1 /* Nunito-SemiBold.ttf in Resources */ = {isa = PBXBuildFile; fileRef = 401B119426D67C1E00C9B5E1 /* Nunito-SemiBold.ttf */; };
		401B11A426D67C1E00C9B5E1 /* Nunito-Bold.ttf in Resources */ = {isa = PBXBuildFile; fileRef = 401B119526D67C1E00C9B5E1 /* Nunito-Bold.ttf */; };
		401B11A526D67C1E00C9B5E1 /* Nunito-BoldItalic.ttf in Resources */ = {isa = PBXBuildFile; fileRef = 401B119626D67C1E00C9B5E1 /* Nunito-BoldItalic.ttf */; };
		401B11A626D67C1E00C9B5E1 /* Nunito-Black.ttf in Resources */ = {isa = PBXBuildFile; fileRef = 401B119726D67C1E00C9B5E1 /* Nunito-Black.ttf */; };
		401B11A726D67C1E00C9B5E1 /* Nunito-ExtraLight.ttf in Resources */ = {isa = PBXBuildFile; fileRef = 401B119826D67C1E00C9B5E1 /* Nunito-ExtraLight.ttf */; };
		401B11A826D67C1E00C9B5E1 /* Nunito-SemiBoldItalic.ttf in Resources */ = {isa = PBXBuildFile; fileRef = 401B119926D67C1E00C9B5E1 /* Nunito-SemiBoldItalic.ttf */; };
		401B11A926D67C1E00C9B5E1 /* Nunito-BlackItalic.ttf in Resources */ = {isa = PBXBuildFile; fileRef = 401B119A26D67C1E00C9B5E1 /* Nunito-BlackItalic.ttf */; };
		401B11AA26D67C1E00C9B5E1 /* OFL.txt in Resources */ = {isa = PBXBuildFile; fileRef = 401B119B26D67C1E00C9B5E1 /* OFL.txt */; };
		401B11AB26D67C1E00C9B5E1 /* Nunito-Italic.ttf in Resources */ = {isa = PBXBuildFile; fileRef = 401B119C26D67C1E00C9B5E1 /* Nunito-Italic.ttf */; };
		401B11AC26D67C1E00C9B5E1 /* Nunito-LightItalic.ttf in Resources */ = {isa = PBXBuildFile; fileRef = 401B119D26D67C1E00C9B5E1 /* Nunito-LightItalic.ttf */; };
		401B11AF26D67D9100C9B5E1 /* UIColor+AppColors.swift in Sources */ = {isa = PBXBuildFile; fileRef = 401B11AE26D67D9100C9B5E1 /* UIColor+AppColors.swift */; };
		401F302B26D7651900DFD389 /* AddPlayerVC.swift in Sources */ = {isa = PBXBuildFile; fileRef = 401F302A26D7651900DFD389 /* AddPlayerVC.swift */; };
		4046BD3526D7BDFF008692DA /* RankingView.swift in Sources */ = {isa = PBXBuildFile; fileRef = 4046BD3426D7BDFF008692DA /* RankingView.swift */; };
		4046BD3726D7C355008692DA /* TurnCell.swift in Sources */ = {isa = PBXBuildFile; fileRef = 4046BD3626D7C355008692DA /* TurnCell.swift */; };
		4046BD3926D7D9CE008692DA /* IncrementButton.swift in Sources */ = {isa = PBXBuildFile; fileRef = 4046BD3826D7D9CE008692DA /* IncrementButton.swift */; };
		4074EA0226DA516A001F5E47 /* RankingsCollectionCell.swift in Sources */ = {isa = PBXBuildFile; fileRef = 4074EA0126DA516A001F5E47 /* RankingsCollectionCell.swift */; };
		4074EA0426DA5426001F5E47 /* ResultsVC+CollectionView.swift in Sources */ = {isa = PBXBuildFile; fileRef = 4074EA0326DA5426001F5E47 /* ResultsVC+CollectionView.swift */; };
		4088159E26D78A6800DD0CBC /* GameVC.swift in Sources */ = {isa = PBXBuildFile; fileRef = 4088159D26D78A6800DD0CBC /* GameVC.swift */; };
		408815A026D7956B00DD0CBC /* ResultsVC.swift in Sources */ = {isa = PBXBuildFile; fileRef = 4088159F26D7956B00DD0CBC /* ResultsVC.swift */; };
		408815A226D79BE900DD0CBC /* NewGameVC+TableView.swift in Sources */ = {isa = PBXBuildFile; fileRef = 408815A126D79BE900DD0CBC /* NewGameVC+TableView.swift */; };
		408815A526D7AEBA00DD0CBC /* PlayerScoreCell.swift in Sources */ = {isa = PBXBuildFile; fileRef = 408815A426D7AEBA00DD0CBC /* PlayerScoreCell.swift */; };
		408E0CF226DB64D000EC46A6 /* TimerView.swift in Sources */ = {isa = PBXBuildFile; fileRef = 408E0CF126DB64D000EC46A6 /* TimerView.swift */; };
		408E0CF426DB6E3600EC46A6 /* RSButton.swift in Sources */ = {isa = PBXBuildFile; fileRef = 408E0CF326DB6E3600EC46A6 /* RSButton.swift */; };
		408E0CF626DB7CB200EC46A6 /* HeaderCell.swift in Sources */ = {isa = PBXBuildFile; fileRef = 408E0CF526DB7CB200EC46A6 /* HeaderCell.swift */; };
		408E0CFB26DB8E7F00EC46A6 /* DiceView.swift in Sources */ = {isa = PBXBuildFile; fileRef = 408E0CFA26DB8E7F00EC46A6 /* DiceView.swift */; };
		408E0CFD26DB918600EC46A6 /* StartGameButton.swift in Sources */ = {isa = PBXBuildFile; fileRef = 408E0CFC26DB918600EC46A6 /* StartGameButton.swift */; };
		408E0CFF26DB996F00EC46A6 /* NewGameVC+PlayerAddable.swift in Sources */ = {isa = PBXBuildFile; fileRef = 408E0CFE26DB996F00EC46A6 /* NewGameVC+PlayerAddable.swift */; };
		408E0D0126DBA46200EC46A6 /* SingleLetterLabel.swift in Sources */ = {isa = PBXBuildFile; fileRef = 408E0D0026DBA46200EC46A6 /* SingleLetterLabel.swift */; };
		40A578E426D8CDFE002E4CB7 /* HeaderView.swift in Sources */ = {isa = PBXBuildFile; fileRef = 40A578E326D8CDFE002E4CB7 /* HeaderView.swift */; };
		40A578E626D8D6A4002E4CB7 /* BarButton.swift in Sources */ = {isa = PBXBuildFile; fileRef = 40A578E526D8D6A4002E4CB7 /* BarButton.swift */; };
		40A578E826D8D807002E4CB7 /* ResultsVC+TableView.swift in Sources */ = {isa = PBXBuildFile; fileRef = 40A578E726D8D807002E4CB7 /* ResultsVC+TableView.swift */; };
		40A578EA26D8DFD1002E4CB7 /* UIView+Ext.swift in Sources */ = {isa = PBXBuildFile; fileRef = 40A578E926D8DFD1002E4CB7 /* UIView+Ext.swift */; };
		40A578EE26D92A61002E4CB7 /* GameVC+CollectionView.swift in Sources */ = {isa = PBXBuildFile; fileRef = 40A578ED26D92A61002E4CB7 /* GameVC+CollectionView.swift */; };
		40A578F526D9347A002E4CB7 /* GameVC+ScrollingHelpers.swift in Sources */ = {isa = PBXBuildFile; fileRef = 40A578F426D9347A002E4CB7 /* GameVC+ScrollingHelpers.swift */; };
/* End PBXBuildFile section */

/* Begin PBXFileReference section */
		401B117426D66B3300C9B5E1 /* rs.ios.stage-task10.app */ = {isa = PBXFileReference; explicitFileType = wrapper.application; includeInIndex = 0; path = "rs.ios.stage-task10.app"; sourceTree = BUILT_PRODUCTS_DIR; };
		401B117726D66B3300C9B5E1 /* AppDelegate.swift */ = {isa = PBXFileReference; lastKnownFileType = sourcecode.swift; path = AppDelegate.swift; sourceTree = "<group>"; };
		401B117B26D66B3300C9B5E1 /* NewGameVC.swift */ = {isa = PBXFileReference; lastKnownFileType = sourcecode.swift; path = NewGameVC.swift; sourceTree = "<group>"; };
		401B118026D66B3600C9B5E1 /* Assets.xcassets */ = {isa = PBXFileReference; lastKnownFileType = folder.assetcatalog; path = Assets.xcassets; sourceTree = "<group>"; };
		401B118326D66B3600C9B5E1 /* Base */ = {isa = PBXFileReference; lastKnownFileType = file.storyboard; name = Base; path = Base.lproj/LaunchScreen.storyboard; sourceTree = "<group>"; };
		401B118526D66B3600C9B5E1 /* Info.plist */ = {isa = PBXFileReference; lastKnownFileType = text.plist.xml; path = Info.plist; sourceTree = "<group>"; };
		401B118F26D67C1E00C9B5E1 /* Nunito-ExtraBoldItalic.ttf */ = {isa = PBXFileReference; lastKnownFileType = file; path = "Nunito-ExtraBoldItalic.ttf"; sourceTree = "<group>"; };
		401B119026D67C1E00C9B5E1 /* Nunito-ExtraBold.ttf */ = {isa = PBXFileReference; lastKnownFileType = file; path = "Nunito-ExtraBold.ttf"; sourceTree = "<group>"; };
		401B119126D67C1E00C9B5E1 /* Nunito-ExtraLightItalic.ttf */ = {isa = PBXFileReference; lastKnownFileType = file; path = "Nunito-ExtraLightItalic.ttf"; sourceTree = "<group>"; };
		401B119226D67C1E00C9B5E1 /* Nunito-Light.ttf */ = {isa = PBXFileReference; lastKnownFileType = file; path = "Nunito-Light.ttf"; sourceTree = "<group>"; };
		401B119326D67C1E00C9B5E1 /* Nunito-Regular.ttf */ = {isa = PBXFileReference; lastKnownFileType = file; path = "Nunito-Regular.ttf"; sourceTree = "<group>"; };
		401B119426D67C1E00C9B5E1 /* Nunito-SemiBold.ttf */ = {isa = PBXFileReference; lastKnownFileType = file; path = "Nunito-SemiBold.ttf"; sourceTree = "<group>"; };
		401B119526D67C1E00C9B5E1 /* Nunito-Bold.ttf */ = {isa = PBXFileReference; lastKnownFileType = file; path = "Nunito-Bold.ttf"; sourceTree = "<group>"; };
		401B119626D67C1E00C9B5E1 /* Nunito-BoldItalic.ttf */ = {isa = PBXFileReference; lastKnownFileType = file; path = "Nunito-BoldItalic.ttf"; sourceTree = "<group>"; };
		401B119726D67C1E00C9B5E1 /* Nunito-Black.ttf */ = {isa = PBXFileReference; lastKnownFileType = file; path = "Nunito-Black.ttf"; sourceTree = "<group>"; };
		401B119826D67C1E00C9B5E1 /* Nunito-ExtraLight.ttf */ = {isa = PBXFileReference; lastKnownFileType = file; path = "Nunito-ExtraLight.ttf"; sourceTree = "<group>"; };
		401B119926D67C1E00C9B5E1 /* Nunito-SemiBoldItalic.ttf */ = {isa = PBXFileReference; lastKnownFileType = file; path = "Nunito-SemiBoldItalic.ttf"; sourceTree = "<group>"; };
		401B119A26D67C1E00C9B5E1 /* Nunito-BlackItalic.ttf */ = {isa = PBXFileReference; lastKnownFileType = file; path = "Nunito-BlackItalic.ttf"; sourceTree = "<group>"; };
		401B119B26D67C1E00C9B5E1 /* OFL.txt */ = {isa = PBXFileReference; fileEncoding = 4; lastKnownFileType = text; path = OFL.txt; sourceTree = "<group>"; };
		401B119C26D67C1E00C9B5E1 /* Nunito-Italic.ttf */ = {isa = PBXFileReference; lastKnownFileType = file; path = "Nunito-Italic.ttf"; sourceTree = "<group>"; };
		401B119D26D67C1E00C9B5E1 /* Nunito-LightItalic.ttf */ = {isa = PBXFileReference; lastKnownFileType = file; path = "Nunito-LightItalic.ttf"; sourceTree = "<group>"; };
		401B11AE26D67D9100C9B5E1 /* UIColor+AppColors.swift */ = {isa = PBXFileReference; lastKnownFileType = sourcecode.swift; path = "UIColor+AppColors.swift"; sourceTree = "<group>"; };
		401F302A26D7651900DFD389 /* AddPlayerVC.swift */ = {isa = PBXFileReference; lastKnownFileType = sourcecode.swift; path = AddPlayerVC.swift; sourceTree = "<group>"; };
		4046BD3426D7BDFF008692DA /* RankingView.swift */ = {isa = PBXFileReference; lastKnownFileType = sourcecode.swift; path = RankingView.swift; sourceTree = "<group>"; };
		4046BD3626D7C355008692DA /* TurnCell.swift */ = {isa = PBXFileReference; lastKnownFileType = sourcecode.swift; path = TurnCell.swift; sourceTree = "<group>"; };
		4046BD3826D7D9CE008692DA /* IncrementButton.swift */ = {isa = PBXFileReference; lastKnownFileType = sourcecode.swift; path = IncrementButton.swift; sourceTree = "<group>"; };
		4074EA0126DA516A001F5E47 /* RankingsCollectionCell.swift */ = {isa = PBXFileReference; lastKnownFileType = sourcecode.swift; path = RankingsCollectionCell.swift; sourceTree = "<group>"; };
		4074EA0326DA5426001F5E47 /* ResultsVC+CollectionView.swift */ = {isa = PBXFileReference; lastKnownFileType = sourcecode.swift; path = "ResultsVC+CollectionView.swift"; sourceTree = "<group>"; };
		4088159D26D78A6800DD0CBC /* GameVC.swift */ = {isa = PBXFileReference; lastKnownFileType = sourcecode.swift; path = GameVC.swift; sourceTree = "<group>"; };
		4088159F26D7956B00DD0CBC /* ResultsVC.swift */ = {isa = PBXFileReference; lastKnownFileType = sourcecode.swift; path = ResultsVC.swift; sourceTree = "<group>"; };
		408815A126D79BE900DD0CBC /* NewGameVC+TableView.swift */ = {isa = PBXFileReference; lastKnownFileType = sourcecode.swift; path = "NewGameVC+TableView.swift"; sourceTree = "<group>"; };
		408815A426D7AEBA00DD0CBC /* PlayerScoreCell.swift */ = {isa = PBXFileReference; lastKnownFileType = sourcecode.swift; path = PlayerScoreCell.swift; sourceTree = "<group>"; };
		408E0CF126DB64D000EC46A6 /* TimerView.swift */ = {isa = PBXFileReference; lastKnownFileType = sourcecode.swift; path = TimerView.swift; sourceTree = "<group>"; };
		408E0CF326DB6E3600EC46A6 /* RSButton.swift */ = {isa = PBXFileReference; lastKnownFileType = sourcecode.swift; path = RSButton.swift; sourceTree = "<group>"; };
		408E0CF526DB7CB200EC46A6 /* HeaderCell.swift */ = {isa = PBXFileReference; lastKnownFileType = sourcecode.swift; path = HeaderCell.swift; sourceTree = "<group>"; };
		408E0CFA26DB8E7F00EC46A6 /* DiceView.swift */ = {isa = PBXFileReference; lastKnownFileType = sourcecode.swift; path = DiceView.swift; sourceTree = "<group>"; };
		408E0CFC26DB918600EC46A6 /* StartGameButton.swift */ = {isa = PBXFileReference; lastKnownFileType = sourcecode.swift; path = StartGameButton.swift; sourceTree = "<group>"; };
		408E0CFE26DB996F00EC46A6 /* NewGameVC+PlayerAddable.swift */ = {isa = PBXFileReference; lastKnownFileType = sourcecode.swift; path = "NewGameVC+PlayerAddable.swift"; sourceTree = "<group>"; };
		408E0D0026DBA46200EC46A6 /* SingleLetterLabel.swift */ = {isa = PBXFileReference; lastKnownFileType = sourcecode.swift; path = SingleLetterLabel.swift; sourceTree = "<group>"; };
		40A578E326D8CDFE002E4CB7 /* HeaderView.swift */ = {isa = PBXFileReference; lastKnownFileType = sourcecode.swift; path = HeaderView.swift; sourceTree = "<group>"; };
		40A578E526D8D6A4002E4CB7 /* BarButton.swift */ = {isa = PBXFileReference; lastKnownFileType = sourcecode.swift; path = BarButton.swift; sourceTree = "<group>"; };
		40A578E726D8D807002E4CB7 /* ResultsVC+TableView.swift */ = {isa = PBXFileReference; lastKnownFileType = sourcecode.swift; path = "ResultsVC+TableView.swift"; sourceTree = "<group>"; };
		40A578E926D8DFD1002E4CB7 /* UIView+Ext.swift */ = {isa = PBXFileReference; lastKnownFileType = sourcecode.swift; path = "UIView+Ext.swift"; sourceTree = "<group>"; };
		40A578ED26D92A61002E4CB7 /* GameVC+CollectionView.swift */ = {isa = PBXFileReference; lastKnownFileType = sourcecode.swift; path = "GameVC+CollectionView.swift"; sourceTree = "<group>"; };
		40A578F426D9347A002E4CB7 /* GameVC+ScrollingHelpers.swift */ = {isa = PBXFileReference; lastKnownFileType = sourcecode.swift; path = "GameVC+ScrollingHelpers.swift"; sourceTree = "<group>"; };
/* End PBXFileReference section */

/* Begin PBXFrameworksBuildPhase section */
		401B117126D66B3300C9B5E1 /* Frameworks */ = {
			isa = PBXFrameworksBuildPhase;
			buildActionMask = 2147483647;
			files = (
			);
			runOnlyForDeploymentPostprocessing = 0;
		};
/* End PBXFrameworksBuildPhase section */

/* Begin PBXGroup section */
		401B116B26D66B3300C9B5E1 = {
			isa = PBXGroup;
			children = (
				401B117626D66B3300C9B5E1 /* rs.ios.stage-task10 */,
				401B117526D66B3300C9B5E1 /* Products */,
			);
			sourceTree = "<group>";
		};
		401B117526D66B3300C9B5E1 /* Products */ = {
			isa = PBXGroup;
			children = (
				401B117426D66B3300C9B5E1 /* rs.ios.stage-task10.app */,
			);
			name = Products;
			sourceTree = "<group>";
		};
		401B117626D66B3300C9B5E1 /* rs.ios.stage-task10 */ = {
			isa = PBXGroup;
			children = (
				401B118C26D6733500C9B5E1 /* Screens */,
				408815A326D7AE3F00DD0CBC /* Custom */,
				401B11AD26D67D7A00C9B5E1 /* Extensions */,
				401B118D26D67C0B00C9B5E1 /* Fonts */,
				401B118B26D672ED00C9B5E1 /* Supporting Files */,
				401B118026D66B3600C9B5E1 /* Assets.xcassets */,
			);
			path = "rs.ios.stage-task10";
			sourceTree = "<group>";
		};
		401B118B26D672ED00C9B5E1 /* Supporting Files */ = {
			isa = PBXGroup;
			children = (
				401B117726D66B3300C9B5E1 /* AppDelegate.swift */,
				401B118226D66B3600C9B5E1 /* LaunchScreen.storyboard */,
				401B118526D66B3600C9B5E1 /* Info.plist */,
			);
			path = "Supporting Files";
			sourceTree = "<group>";
		};
		401B118C26D6733500C9B5E1 /* Screens */ = {
			isa = PBXGroup;
			children = (
				40A578F126D92A8A002E4CB7 /* Add Player */,
				40A578EF26D92A6D002E4CB7 /* New Game */,
				40A578F026D92A7F002E4CB7 /* Game  */,
				40A578F226D92A93002E4CB7 /* Results */,
			);
			path = Screens;
			sourceTree = "<group>";
		};
		401B118D26D67C0B00C9B5E1 /* Fonts */ = {
			isa = PBXGroup;
			children = (
				401B118E26D67C1E00C9B5E1 /* Nunito */,
			);
			path = Fonts;
			sourceTree = "<group>";
		};
		401B118E26D67C1E00C9B5E1 /* Nunito */ = {
			isa = PBXGroup;
			children = (
				401B118F26D67C1E00C9B5E1 /* Nunito-ExtraBoldItalic.ttf */,
				401B119026D67C1E00C9B5E1 /* Nunito-ExtraBold.ttf */,
				401B119126D67C1E00C9B5E1 /* Nunito-ExtraLightItalic.ttf */,
				401B119226D67C1E00C9B5E1 /* Nunito-Light.ttf */,
				401B119326D67C1E00C9B5E1 /* Nunito-Regular.ttf */,
				401B119426D67C1E00C9B5E1 /* Nunito-SemiBold.ttf */,
				401B119526D67C1E00C9B5E1 /* Nunito-Bold.ttf */,
				401B119626D67C1E00C9B5E1 /* Nunito-BoldItalic.ttf */,
				401B119726D67C1E00C9B5E1 /* Nunito-Black.ttf */,
				401B119826D67C1E00C9B5E1 /* Nunito-ExtraLight.ttf */,
				401B119926D67C1E00C9B5E1 /* Nunito-SemiBoldItalic.ttf */,
				401B119A26D67C1E00C9B5E1 /* Nunito-BlackItalic.ttf */,
				401B119B26D67C1E00C9B5E1 /* OFL.txt */,
				401B119C26D67C1E00C9B5E1 /* Nunito-Italic.ttf */,
				401B119D26D67C1E00C9B5E1 /* Nunito-LightItalic.ttf */,
			);
			path = Nunito;
			sourceTree = "<group>";
		};
		401B11AD26D67D7A00C9B5E1 /* Extensions */ = {
			isa = PBXGroup;
			children = (
				401B11AE26D67D9100C9B5E1 /* UIColor+AppColors.swift */,
				40A578E926D8DFD1002E4CB7 /* UIView+Ext.swift */,
			);
			path = Extensions;
			sourceTree = "<group>";
		};
		408815A326D7AE3F00DD0CBC /* Custom */ = {
			isa = PBXGroup;
			children = (
				408E0CF726DB8E0200EC46A6 /* Cells */,
				408E0CF826DB8E4D00EC46A6 /* Buttons */,
				408E0CF926DB8E5B00EC46A6 /* Views */,
				408E0D0226DBADD100EC46A6 /* Labels */,
			);
			path = Custom;
			sourceTree = "<group>";
		};
		408E0CF726DB8E0200EC46A6 /* Cells */ = {
			isa = PBXGroup;
			children = (
				408815A426D7AEBA00DD0CBC /* PlayerScoreCell.swift */,
				408E0CF526DB7CB200EC46A6 /* HeaderCell.swift */,
				4046BD3626D7C355008692DA /* TurnCell.swift */,
				4074EA0126DA516A001F5E47 /* RankingsCollectionCell.swift */,
				4046BD3426D7BDFF008692DA /* RankingView.swift */,
			);
			path = Cells;
			sourceTree = "<group>";
		};
		408E0CF826DB8E4D00EC46A6 /* Buttons */ = {
			isa = PBXGroup;
			children = (
				40A578E526D8D6A4002E4CB7 /* BarButton.swift */,
				4046BD3826D7D9CE008692DA /* IncrementButton.swift */,
				408E0CF326DB6E3600EC46A6 /* RSButton.swift */,
			);
			path = Buttons;
			sourceTree = "<group>";
		};
		408E0CF926DB8E5B00EC46A6 /* Views */ = {
			isa = PBXGroup;
			children = (
				40A578E326D8CDFE002E4CB7 /* HeaderView.swift */,
				408E0CF126DB64D000EC46A6 /* TimerView.swift */,
				408E0CFA26DB8E7F00EC46A6 /* DiceView.swift */,
				408E0CFC26DB918600EC46A6 /* StartGameButton.swift */,
			);
			path = Views;
			sourceTree = "<group>";
		};
		408E0D0226DBADD100EC46A6 /* Labels */ = {
			isa = PBXGroup;
			children = (
				408E0D0026DBA46200EC46A6 /* SingleLetterLabel.swift */,
			);
			path = Labels;
			sourceTree = "<group>";
		};
		40A578EF26D92A6D002E4CB7 /* New Game */ = {
			isa = PBXGroup;
			children = (
				401B117B26D66B3300C9B5E1 /* NewGameVC.swift */,
				408815A126D79BE900DD0CBC /* NewGameVC+TableView.swift */,
				408E0CFE26DB996F00EC46A6 /* NewGameVC+PlayerAddable.swift */,
			);
			path = "New Game";
			sourceTree = "<group>";
		};
		40A578F026D92A7F002E4CB7 /* Game  */ = {
			isa = PBXGroup;
			children = (
				4088159D26D78A6800DD0CBC /* GameVC.swift */,
				40A578ED26D92A61002E4CB7 /* GameVC+CollectionView.swift */,
				40A578F426D9347A002E4CB7 /* GameVC+ScrollingHelpers.swift */,
			);
			path = "Game ";
			sourceTree = "<group>";
		};
		40A578F126D92A8A002E4CB7 /* Add Player */ = {
			isa = PBXGroup;
			children = (
				401F302A26D7651900DFD389 /* AddPlayerVC.swift */,
			);
			path = "Add Player";
			sourceTree = "<group>";
		};
		40A578F226D92A93002E4CB7 /* Results */ = {
			isa = PBXGroup;
			children = (
				4088159F26D7956B00DD0CBC /* ResultsVC.swift */,
				40A578E726D8D807002E4CB7 /* ResultsVC+TableView.swift */,
				4074EA0326DA5426001F5E47 /* ResultsVC+CollectionView.swift */,
			);
			path = Results;
			sourceTree = "<group>";
		};
/* End PBXGroup section */

/* Begin PBXNativeTarget section */
		401B117326D66B3300C9B5E1 /* rs.ios.stage-task10 */ = {
			isa = PBXNativeTarget;
			buildConfigurationList = 401B118826D66B3600C9B5E1 /* Build configuration list for PBXNativeTarget "rs.ios.stage-task10" */;
			buildPhases = (
				401B117026D66B3300C9B5E1 /* Sources */,
				401B117126D66B3300C9B5E1 /* Frameworks */,
				401B117226D66B3300C9B5E1 /* Resources */,
			);
			buildRules = (
			);
			dependencies = (
			);
			name = "rs.ios.stage-task10";
			productName = "rs.ios.stage-task10";
			productReference = 401B117426D66B3300C9B5E1 /* rs.ios.stage-task10.app */;
			productType = "com.apple.product-type.application";
		};
/* End PBXNativeTarget section */

/* Begin PBXProject section */
		401B116C26D66B3300C9B5E1 /* Project object */ = {
			isa = PBXProject;
			attributes = {
				LastSwiftUpdateCheck = 1250;
				LastUpgradeCheck = 1250;
				TargetAttributes = {
					401B117326D66B3300C9B5E1 = {
						CreatedOnToolsVersion = 12.5.1;
					};
				};
			};
			buildConfigurationList = 401B116F26D66B3300C9B5E1 /* Build configuration list for PBXProject "rs.ios.stage-task10" */;
			compatibilityVersion = "Xcode 9.3";
			developmentRegion = en;
			hasScannedForEncodings = 0;
			knownRegions = (
				en,
				Base,
			);
			mainGroup = 401B116B26D66B3300C9B5E1;
			productRefGroup = 401B117526D66B3300C9B5E1 /* Products */;
			projectDirPath = "";
			projectRoot = "";
			targets = (
				401B117326D66B3300C9B5E1 /* rs.ios.stage-task10 */,
			);
		};
/* End PBXProject section */

/* Begin PBXResourcesBuildPhase section */
		401B117226D66B3300C9B5E1 /* Resources */ = {
			isa = PBXResourcesBuildPhase;
			buildActionMask = 2147483647;
			files = (
				401B11AA26D67C1E00C9B5E1 /* OFL.txt in Resources */,
				401B11A326D67C1E00C9B5E1 /* Nunito-SemiBold.ttf in Resources */,
				401B118426D66B3600C9B5E1 /* LaunchScreen.storyboard in Resources */,
				401B11AC26D67C1E00C9B5E1 /* Nunito-LightItalic.ttf in Resources */,
				401B11A026D67C1E00C9B5E1 /* Nunito-ExtraLightItalic.ttf in Resources */,
				401B11A726D67C1E00C9B5E1 /* Nunito-ExtraLight.ttf in Resources */,
				401B11A126D67C1E00C9B5E1 /* Nunito-Light.ttf in Resources */,
				401B11A426D67C1E00C9B5E1 /* Nunito-Bold.ttf in Resources */,
				401B118126D66B3600C9B5E1 /* Assets.xcassets in Resources */,
				401B11A926D67C1E00C9B5E1 /* Nunito-BlackItalic.ttf in Resources */,
				401B11A626D67C1E00C9B5E1 /* Nunito-Black.ttf in Resources */,
				401B11A526D67C1E00C9B5E1 /* Nunito-BoldItalic.ttf in Resources */,
				401B11A826D67C1E00C9B5E1 /* Nunito-SemiBoldItalic.ttf in Resources */,
				401B11A226D67C1E00C9B5E1 /* Nunito-Regular.ttf in Resources */,
				401B11AB26D67C1E00C9B5E1 /* Nunito-Italic.ttf in Resources */,
				401B119E26D67C1E00C9B5E1 /* Nunito-ExtraBoldItalic.ttf in Resources */,
				401B119F26D67C1E00C9B5E1 /* Nunito-ExtraBold.ttf in Resources */,
			);
			runOnlyForDeploymentPostprocessing = 0;
		};
/* End PBXResourcesBuildPhase section */

/* Begin PBXSourcesBuildPhase section */
		401B117026D66B3300C9B5E1 /* Sources */ = {
			isa = PBXSourcesBuildPhase;
			buildActionMask = 2147483647;
			files = (
				408E0CF226DB64D000EC46A6 /* TimerView.swift in Sources */,
				4046BD3726D7C355008692DA /* TurnCell.swift in Sources */,
				401B117C26D66B3300C9B5E1 /* NewGameVC.swift in Sources */,
				408E0CFF26DB996F00EC46A6 /* NewGameVC+PlayerAddable.swift in Sources */,
				40A578EA26D8DFD1002E4CB7 /* UIView+Ext.swift in Sources */,
				408815A526D7AEBA00DD0CBC /* PlayerScoreCell.swift in Sources */,
				40A578E826D8D807002E4CB7 /* ResultsVC+TableView.swift in Sources */,
				408815A026D7956B00DD0CBC /* ResultsVC.swift in Sources */,
				408E0D0126DBA46200EC46A6 /* SingleLetterLabel.swift in Sources */,
				408E0CF626DB7CB200EC46A6 /* HeaderCell.swift in Sources */,
				4074EA0426DA5426001F5E47 /* ResultsVC+CollectionView.swift in Sources */,
				408E0CF426DB6E3600EC46A6 /* RSButton.swift in Sources */,
				40A578EE26D92A61002E4CB7 /* GameVC+CollectionView.swift in Sources */,
				401B117826D66B3300C9B5E1 /* AppDelegate.swift in Sources */,
				408E0CFD26DB918600EC46A6 /* StartGameButton.swift in Sources */,
				408E0CFB26DB8E7F00EC46A6 /* DiceView.swift in Sources */,
				401B11AF26D67D9100C9B5E1 /* UIColor+AppColors.swift in Sources */,
				4046BD3926D7D9CE008692DA /* IncrementButton.swift in Sources */,
				40A578F526D9347A002E4CB7 /* GameVC+ScrollingHelpers.swift in Sources */,
				40A578E426D8CDFE002E4CB7 /* HeaderView.swift in Sources */,
				40A578E626D8D6A4002E4CB7 /* BarButton.swift in Sources */,
				408815A226D79BE900DD0CBC /* NewGameVC+TableView.swift in Sources */,
				4088159E26D78A6800DD0CBC /* GameVC.swift in Sources */,
				4046BD3526D7BDFF008692DA /* RankingView.swift in Sources */,
				4074EA0226DA516A001F5E47 /* RankingsCollectionCell.swift in Sources */,
				401F302B26D7651900DFD389 /* AddPlayerVC.swift in Sources */,
			);
			runOnlyForDeploymentPostprocessing = 0;
		};
/* End PBXSourcesBuildPhase section */

/* Begin PBXVariantGroup section */
		401B118226D66B3600C9B5E1 /* LaunchScreen.storyboard */ = {
			isa = PBXVariantGroup;
			children = (
				401B118326D66B3600C9B5E1 /* Base */,
			);
			name = LaunchScreen.storyboard;
			sourceTree = "<group>";
		};
/* End PBXVariantGroup section */

/* Begin XCBuildConfiguration section */
		401B118626D66B3600C9B5E1 /* Debug */ = {
			isa = XCBuildConfiguration;
			buildSettings = {
				ALWAYS_SEARCH_USER_PATHS = NO;
				CLANG_ANALYZER_NONNULL = YES;
				CLANG_ANALYZER_NUMBER_OBJECT_CONVERSION = YES_AGGRESSIVE;
				CLANG_CXX_LANGUAGE_STANDARD = "gnu++14";
				CLANG_CXX_LIBRARY = "libc++";
				CLANG_ENABLE_MODULES = YES;
				CLANG_ENABLE_OBJC_ARC = YES;
				CLANG_ENABLE_OBJC_WEAK = YES;
				CLANG_WARN_BLOCK_CAPTURE_AUTORELEASING = YES;
				CLANG_WARN_BOOL_CONVERSION = YES;
				CLANG_WARN_COMMA = YES;
				CLANG_WARN_CONSTANT_CONVERSION = YES;
				CLANG_WARN_DEPRECATED_OBJC_IMPLEMENTATIONS = YES;
				CLANG_WARN_DIRECT_OBJC_ISA_USAGE = YES_ERROR;
				CLANG_WARN_DOCUMENTATION_COMMENTS = YES;
				CLANG_WARN_EMPTY_BODY = YES;
				CLANG_WARN_ENUM_CONVERSION = YES;
				CLANG_WARN_INFINITE_RECURSION = YES;
				CLANG_WARN_INT_CONVERSION = YES;
				CLANG_WARN_NON_LITERAL_NULL_CONVERSION = YES;
				CLANG_WARN_OBJC_IMPLICIT_RETAIN_SELF = YES;
				CLANG_WARN_OBJC_LITERAL_CONVERSION = YES;
				CLANG_WARN_OBJC_ROOT_CLASS = YES_ERROR;
				CLANG_WARN_QUOTED_INCLUDE_IN_FRAMEWORK_HEADER = YES;
				CLANG_WARN_RANGE_LOOP_ANALYSIS = YES;
				CLANG_WARN_STRICT_PROTOTYPES = YES;
				CLANG_WARN_SUSPICIOUS_MOVE = YES;
				CLANG_WARN_UNGUARDED_AVAILABILITY = YES_AGGRESSIVE;
				CLANG_WARN_UNREACHABLE_CODE = YES;
				CLANG_WARN__DUPLICATE_METHOD_MATCH = YES;
				COPY_PHASE_STRIP = NO;
				DEBUG_INFORMATION_FORMAT = dwarf;
				ENABLE_STRICT_OBJC_MSGSEND = YES;
				ENABLE_TESTABILITY = YES;
				GCC_C_LANGUAGE_STANDARD = gnu11;
				GCC_DYNAMIC_NO_PIC = NO;
				GCC_NO_COMMON_BLOCKS = YES;
				GCC_OPTIMIZATION_LEVEL = 0;
				GCC_PREPROCESSOR_DEFINITIONS = (
					"DEBUG=1",
					"$(inherited)",
				);
				GCC_WARN_64_TO_32_BIT_CONVERSION = YES;
				GCC_WARN_ABOUT_RETURN_TYPE = YES_ERROR;
				GCC_WARN_UNDECLARED_SELECTOR = YES;
				GCC_WARN_UNINITIALIZED_AUTOS = YES_AGGRESSIVE;
				GCC_WARN_UNUSED_FUNCTION = YES;
				GCC_WARN_UNUSED_VARIABLE = YES;
				IPHONEOS_DEPLOYMENT_TARGET = 14.5;
				MTL_ENABLE_DEBUG_INFO = INCLUDE_SOURCE;
				MTL_FAST_MATH = YES;
				ONLY_ACTIVE_ARCH = YES;
				SDKROOT = iphoneos;
				SWIFT_ACTIVE_COMPILATION_CONDITIONS = DEBUG;
				SWIFT_OPTIMIZATION_LEVEL = "-Onone";
			};
			name = Debug;
		};
		401B118726D66B3600C9B5E1 /* Release */ = {
			isa = XCBuildConfiguration;
			buildSettings = {
				ALWAYS_SEARCH_USER_PATHS = NO;
				CLANG_ANALYZER_NONNULL = YES;
				CLANG_ANALYZER_NUMBER_OBJECT_CONVERSION = YES_AGGRESSIVE;
				CLANG_CXX_LANGUAGE_STANDARD = "gnu++14";
				CLANG_CXX_LIBRARY = "libc++";
				CLANG_ENABLE_MODULES = YES;
				CLANG_ENABLE_OBJC_ARC = YES;
				CLANG_ENABLE_OBJC_WEAK = YES;
				CLANG_WARN_BLOCK_CAPTURE_AUTORELEASING = YES;
				CLANG_WARN_BOOL_CONVERSION = YES;
				CLANG_WARN_COMMA = YES;
				CLANG_WARN_CONSTANT_CONVERSION = YES;
				CLANG_WARN_DEPRECATED_OBJC_IMPLEMENTATIONS = YES;
				CLANG_WARN_DIRECT_OBJC_ISA_USAGE = YES_ERROR;
				CLANG_WARN_DOCUMENTATION_COMMENTS = YES;
				CLANG_WARN_EMPTY_BODY = YES;
				CLANG_WARN_ENUM_CONVERSION = YES;
				CLANG_WARN_INFINITE_RECURSION = YES;
				CLANG_WARN_INT_CONVERSION = YES;
				CLANG_WARN_NON_LITERAL_NULL_CONVERSION = YES;
				CLANG_WARN_OBJC_IMPLICIT_RETAIN_SELF = YES;
				CLANG_WARN_OBJC_LITERAL_CONVERSION = YES;
				CLANG_WARN_OBJC_ROOT_CLASS = YES_ERROR;
				CLANG_WARN_QUOTED_INCLUDE_IN_FRAMEWORK_HEADER = YES;
				CLANG_WARN_RANGE_LOOP_ANALYSIS = YES;
				CLANG_WARN_STRICT_PROTOTYPES = YES;
				CLANG_WARN_SUSPICIOUS_MOVE = YES;
				CLANG_WARN_UNGUARDED_AVAILABILITY = YES_AGGRESSIVE;
				CLANG_WARN_UNREACHABLE_CODE = YES;
				CLANG_WARN__DUPLICATE_METHOD_MATCH = YES;
				COPY_PHASE_STRIP = NO;
				DEBUG_INFORMATION_FORMAT = "dwarf-with-dsym";
				ENABLE_NS_ASSERTIONS = NO;
				ENABLE_STRICT_OBJC_MSGSEND = YES;
				GCC_C_LANGUAGE_STANDARD = gnu11;
				GCC_NO_COMMON_BLOCKS = YES;
				GCC_WARN_64_TO_32_BIT_CONVERSION = YES;
				GCC_WARN_ABOUT_RETURN_TYPE = YES_ERROR;
				GCC_WARN_UNDECLARED_SELECTOR = YES;
				GCC_WARN_UNINITIALIZED_AUTOS = YES_AGGRESSIVE;
				GCC_WARN_UNUSED_FUNCTION = YES;
				GCC_WARN_UNUSED_VARIABLE = YES;
				IPHONEOS_DEPLOYMENT_TARGET = 14.5;
				MTL_ENABLE_DEBUG_INFO = NO;
				MTL_FAST_MATH = YES;
				SDKROOT = iphoneos;
				SWIFT_COMPILATION_MODE = wholemodule;
				SWIFT_OPTIMIZATION_LEVEL = "-O";
				VALIDATE_PRODUCT = YES;
			};
			name = Release;
		};
		401B118926D66B3600C9B5E1 /* Debug */ = {
			isa = XCBuildConfiguration;
			buildSettings = {
				ASSETCATALOG_COMPILER_APPICON_NAME = AppIcon;
				ASSETCATALOG_COMPILER_GLOBAL_ACCENT_COLOR_NAME = AccentColor;
				CODE_SIGN_STYLE = Automatic;
				DEVELOPMENT_TEAM = 3Y322LSDU5;
				INFOPLIST_FILE = "rs.ios.stage-task10/Supporting Files/Info.plist";
				IPHONEOS_DEPLOYMENT_TARGET = 12.1;
				LD_RUNPATH_SEARCH_PATHS = (
					"$(inherited)",
					"@executable_path/Frameworks",
				);
				PRODUCT_BUNDLE_IDENTIFIER = "com.zm1caps.rs-ios-stage-task10";
				PRODUCT_NAME = "$(TARGET_NAME)";
				SWIFT_VERSION = 5.0;
				TARGETED_DEVICE_FAMILY = 1;
			};
			name = Debug;
		};
		401B118A26D66B3600C9B5E1 /* Release */ = {
			isa = XCBuildConfiguration;
			buildSettings = {
				ASSETCATALOG_COMPILER_APPICON_NAME = AppIcon;
				ASSETCATALOG_COMPILER_GLOBAL_ACCENT_COLOR_NAME = AccentColor;
				CODE_SIGN_STYLE = Automatic;
				DEVELOPMENT_TEAM = 3Y322LSDU5;
				INFOPLIST_FILE = "rs.ios.stage-task10/Supporting Files/Info.plist";
				IPHONEOS_DEPLOYMENT_TARGET = 12.1;
				LD_RUNPATH_SEARCH_PATHS = (
					"$(inherited)",
					"@executable_path/Frameworks",
				);
				PRODUCT_BUNDLE_IDENTIFIER = "com.zm1caps.rs-ios-stage-task10";
				PRODUCT_NAME = "$(TARGET_NAME)";
				SWIFT_VERSION = 5.0;
				TARGETED_DEVICE_FAMILY = 1;
			};
			name = Release;
		};
/* End XCBuildConfiguration section */

/* Begin XCConfigurationList section */
		401B116F26D66B3300C9B5E1 /* Build configuration list for PBXProject "rs.ios.stage-task10" */ = {
			isa = XCConfigurationList;
			buildConfigurations = (
				401B118626D66B3600C9B5E1 /* Debug */,
				401B118726D66B3600C9B5E1 /* Release */,
			);
			defaultConfigurationIsVisible = 0;
			defaultConfigurationName = Release;
		};
		401B118826D66B3600C9B5E1 /* Build configuration list for PBXNativeTarget "rs.ios.stage-task10" */ = {
			isa = XCConfigurationList;
			buildConfigurations = (
				401B118926D66B3600C9B5E1 /* Debug */,
				401B118A26D66B3600C9B5E1 /* Release */,
			);
			defaultConfigurationIsVisible = 0;
			defaultConfigurationName = Release;
		};
/* End XCConfigurationList section */
	};
	rootObject = 401B116C26D66B3300C9B5E1 /* Project object */;
}
